
Microsoft Visual Studio Solution File, Format Version 12.00
# Visual Studio Version 17
VisualStudioVersion = 17.6.33801.468
MinimumVisualStudioVersion = 10.0.40219.1
Project("{FAE04EC0-301F-11D3-BF4B-00C04F79EFBC}") = "IPF2", "IPF2\IPF2.csproj", "{3EF0CCEA-3783-4734-A0A0-4C8C343DAC5D}"
EndProject
Global
	GlobalSection(SolutionConfigurationPlatforms) = preSolution
		Debug|Any CPU = Debug|Any CPU
		Release|Any CPU = Release|Any CPU
	EndGlobalSection
	GlobalSection(ProjectConfigurationPlatforms) = postSolution
		{3EF0CCEA-3783-4734-A0A0-4C8C343DAC5D}.Debug|Any CPU.ActiveCfg = Debug|Any CPU
		{3EF0CCEA-3783-4734-A0A0-4C8C343DAC5D}.Debug|Any CPU.Build.0 = Debug|Any CPU
		{3EF0CCEA-3783-4734-A0A0-4C8C343DAC5D}.Release|Any CPU.ActiveCfg = Release|Any CPU
		{3EF0CCEA-3783-4734-A0A0-4C8C343DAC5D}.Release|Any CPU.Build.0 = Release|Any CPU
	EndGlobalSection
	GlobalSection(SolutionProperties) = preSolution
		HideSolutionNode = FALSE
	EndGlobalSection
	GlobalSection(ExtensibilityGlobals) = postSolution
		SolutionGuid = {195C4BEC-5F79-48F0-A095-294E3A97F86D}
	EndGlobalSection
EndGlobal
